
Microsoft Visual Studio Solution File, Format Version 12.00
# Visual Studio Version 16
VisualStudioVersion = 16.0.31605.320
MinimumVisualStudioVersion = 10.0.40219.1
Project("{FAE04EC0-301F-11D3-BF4B-00C04F79EFBC}") = "WordLadderGenerator", "WordLadderGenerator\WordLadderGenerator.csproj", "{AE8D599D-5603-4821-A493-D51149AA579C}"
EndProject
Project("{9A19103F-16F7-4668-BE54-9A1E7A4F7556}") = "WordLadderGeneratorTests", "WordLadderGeneratorTest\WordLadderGeneratorTests.csproj", "{B8D1C5BE-F876-492F-BCA9-8486823D22DA}"
EndProject
Global
	GlobalSection(SolutionConfigurationPlatforms) = preSolution
		Debug|Any CPU = Debug|Any CPU
		Release|Any CPU = Release|Any CPU
	EndGlobalSection
	GlobalSection(ProjectConfigurationPlatforms) = postSolution
		{AE8D599D-5603-4821-A493-D51149AA579C}.Debug|Any CPU.ActiveCfg = Debug|Any CPU
		{AE8D599D-5603-4821-A493-D51149AA579C}.Debug|Any CPU.Build.0 = Debug|Any CPU
		{AE8D599D-5603-4821-A493-D51149AA579C}.Release|Any CPU.ActiveCfg = Release|Any CPU
		{AE8D599D-5603-4821-A493-D51149AA579C}.Release|Any CPU.Build.0 = Release|Any CPU
		{B8D1C5BE-F876-492F-BCA9-8486823D22DA}.Debug|Any CPU.ActiveCfg = Debug|Any CPU
		{B8D1C5BE-F876-492F-BCA9-8486823D22DA}.Debug|Any CPU.Build.0 = Debug|Any CPU
		{B8D1C5BE-F876-492F-BCA9-8486823D22DA}.Release|Any CPU.ActiveCfg = Release|Any CPU
		{B8D1C5BE-F876-492F-BCA9-8486823D22DA}.Release|Any CPU.Build.0 = Release|Any CPU
	EndGlobalSection
	GlobalSection(SolutionProperties) = preSolution
		HideSolutionNode = FALSE
	EndGlobalSection
	GlobalSection(ExtensibilityGlobals) = postSolution
		SolutionGuid = {3BE8F828-F911-4EF6-B861-D3E322B6BDFD}
	EndGlobalSection
EndGlobal
